
Microsoft Visual Studio Solution File, Format Version 12.00
# Visual Studio Version 16
VisualStudioVersion = 25.0.1704.0
MinimumVisualStudioVersion = 10.0.40219.1
Project("{FAE04EC0-301F-11D3-BF4B-00C04F79EFBC}") = "MusifyApp", "MusifyApp\MusifyApp.csproj", "{AA312AA5-A30A-41F0-8D6E-D4FCA224A595}"
EndProject
Global
	GlobalSection(SolutionConfigurationPlatforms) = preSolution
		Debug|Any CPU = Debug|Any CPU
		Release|Any CPU = Release|Any CPU
	EndGlobalSection
	GlobalSection(ProjectConfigurationPlatforms) = postSolution
		{AA312AA5-A30A-41F0-8D6E-D4FCA224A595}.Debug|Any CPU.ActiveCfg = Debug|Any CPU
		{AA312AA5-A30A-41F0-8D6E-D4FCA224A595}.Debug|Any CPU.Build.0 = Debug|Any CPU
		{AA312AA5-A30A-41F0-8D6E-D4FCA224A595}.Release|Any CPU.ActiveCfg = Release|Any CPU
		{AA312AA5-A30A-41F0-8D6E-D4FCA224A595}.Release|Any CPU.Build.0 = Release|Any CPU
	EndGlobalSection
	GlobalSection(SolutionProperties) = preSolution
		HideSolutionNode = FALSE
	EndGlobalSection
	GlobalSection(ExtensibilityGlobals) = postSolution
		SolutionGuid = {B0BB2423-D1E9-47CF-A325-2AC841C730D1}
	EndGlobalSection
EndGlobal
